
Microsoft Visual Studio Solution File, Format Version 12.00
# Visual Studio 15
VisualStudioVersion = 15.0.28307.1082
MinimumVisualStudioVersion = 10.0.40219.1
Project("{FAE04EC0-301F-11D3-BF4B-00C04F79EFBC}") = "eShop.Web", "eShop.Web\eShop.Web.csproj", "{267C79C1-4492-440D-9C35-5389B6E7CAD7}"
EndProject
Project("{FAE04EC0-301F-11D3-BF4B-00C04F79EFBC}") = "eShop.Application", "eShop.Application\eShop.Application.csproj", "{6B24D075-31EB-4C6B-9581-25496D8E641B}"
EndProject
Project("{FAE04EC0-301F-11D3-BF4B-00C04F79EFBC}") = "eShop.Core", "eShop.Core\eShop.Core.csproj", "{74D9B873-5ACE-4EE9-842E-0C7FFC955986}"
EndProject
Project("{FAE04EC0-301F-11D3-BF4B-00C04F79EFBC}") = "eShop.EntityFramework", "eShop.EntityFramework\eShop.EntityFramework.csproj", "{8D4BE96A-8777-4D2D-B4C2-F192BC7EE77D}"
EndProject
Project("{FAE04EC0-301F-11D3-BF4B-00C04F79EFBC}") = "eShop.WebApi", "eShop.WebApi\eShop.WebApi.csproj", "{4C771E78-4D1A-4CC3-BA34-D388C99FB4F9}"
EndProject
Global
	GlobalSection(SolutionConfigurationPlatforms) = preSolution
		Debug|Any CPU = Debug|Any CPU
		Release|Any CPU = Release|Any CPU
	EndGlobalSection
	GlobalSection(ProjectConfigurationPlatforms) = postSolution
		{267C79C1-4492-440D-9C35-5389B6E7CAD7}.Debug|Any CPU.ActiveCfg = Debug|Any CPU
		{267C79C1-4492-440D-9C35-5389B6E7CAD7}.Debug|Any CPU.Build.0 = Debug|Any CPU
		{267C79C1-4492-440D-9C35-5389B6E7CAD7}.Release|Any CPU.ActiveCfg = Release|Any CPU
		{267C79C1-4492-440D-9C35-5389B6E7CAD7}.Release|Any CPU.Build.0 = Release|Any CPU
		{6B24D075-31EB-4C6B-9581-25496D8E641B}.Debug|Any CPU.ActiveCfg = Debug|Any CPU
		{6B24D075-31EB-4C6B-9581-25496D8E641B}.Debug|Any CPU.Build.0 = Debug|Any CPU
		{6B24D075-31EB-4C6B-9581-25496D8E641B}.Release|Any CPU.ActiveCfg = Release|Any CPU
		{6B24D075-31EB-4C6B-9581-25496D8E641B}.Release|Any CPU.Build.0 = Release|Any CPU
		{74D9B873-5ACE-4EE9-842E-0C7FFC955986}.Debug|Any CPU.ActiveCfg = Debug|Any CPU
		{74D9B873-5ACE-4EE9-842E-0C7FFC955986}.Debug|Any CPU.Build.0 = Debug|Any CPU
		{74D9B873-5ACE-4EE9-842E-0C7FFC955986}.Release|Any CPU.ActiveCfg = Release|Any CPU
		{74D9B873-5ACE-4EE9-842E-0C7FFC955986}.Release|Any CPU.Build.0 = Release|Any CPU
		{8D4BE96A-8777-4D2D-B4C2-F192BC7EE77D}.Debug|Any CPU.ActiveCfg = Debug|Any CPU
		{8D4BE96A-8777-4D2D-B4C2-F192BC7EE77D}.Debug|Any CPU.Build.0 = Debug|Any CPU
		{8D4BE96A-8777-4D2D-B4C2-F192BC7EE77D}.Release|Any CPU.ActiveCfg = Release|Any CPU
		{8D4BE96A-8777-4D2D-B4C2-F192BC7EE77D}.Release|Any CPU.Build.0 = Release|Any CPU
		{4C771E78-4D1A-4CC3-BA34-D388C99FB4F9}.Debug|Any CPU.ActiveCfg = Debug|Any CPU
		{4C771E78-4D1A-4CC3-BA34-D388C99FB4F9}.Debug|Any CPU.Build.0 = Debug|Any CPU
		{4C771E78-4D1A-4CC3-BA34-D388C99FB4F9}.Release|Any CPU.ActiveCfg = Release|Any CPU
		{4C771E78-4D1A-4CC3-BA34-D388C99FB4F9}.Release|Any CPU.Build.0 = Release|Any CPU
	EndGlobalSection
	GlobalSection(SolutionProperties) = preSolution
		HideSolutionNode = FALSE
	EndGlobalSection
	GlobalSection(ExtensibilityGlobals) = postSolution
		SolutionGuid = {B4E5B75E-E6E1-41E8-92CF-AA1D29CC15B8}
	EndGlobalSection
EndGlobal
